// !$*UTF8*$!
{
	archiveVersion = 1;
	classes = {
	};
	objectVersion = 48;
	objects = {

/* Begin PBXBuildFile section */
		033CE17F8BCC4BA8CC37B437 /* Pods_SimiMoviesTests.framework in Frameworks */ = {isa = PBXBuildFile; fileRef = 259983BBE8FBF6260131414F /* Pods_SimiMoviesTests.framework */; };
		708F67F501866D85ECD2B7E4 /* Pods_SimiMovies.framework in Frameworks */ = {isa = PBXBuildFile; fileRef = C996A70BD000036A8C1D5D5E /* Pods_SimiMovies.framework */; };
		97EFFC0B1FF385EB00F67786 /* AppDelegate.swift in Sources */ = {isa = PBXBuildFile; fileRef = 97EFFC0A1FF385EB00F67786 /* AppDelegate.swift */; };
		97EFFC0D1FF385EB00F67786 /* MainViewController.swift in Sources */ = {isa = PBXBuildFile; fileRef = 97EFFC0C1FF385EB00F67786 /* MainViewController.swift */; };
		97EFFC101FF385EB00F67786 /* Main.storyboard in Resources */ = {isa = PBXBuildFile; fileRef = 97EFFC0E1FF385EB00F67786 /* Main.storyboard */; };
		97EFFC121FF385EB00F67786 /* Assets.xcassets in Resources */ = {isa = PBXBuildFile; fileRef = 97EFFC111FF385EB00F67786 /* Assets.xcassets */; };
		97EFFC151FF385EB00F67786 /* LaunchScreen.storyboard in Resources */ = {isa = PBXBuildFile; fileRef = 97EFFC131FF385EB00F67786 /* LaunchScreen.storyboard */; };
		97EFFC201FF385EB00F67786 /* SimiMoviesTests.swift in Sources */ = {isa = PBXBuildFile; fileRef = 97EFFC1F1FF385EB00F67786 /* SimiMoviesTests.swift */; };
		97EFFC2B1FF385EB00F67786 /* SimiMoviesUITests.swift in Sources */ = {isa = PBXBuildFile; fileRef = 97EFFC2A1FF385EB00F67786 /* SimiMoviesUITests.swift */; };
		C25472CC25283E7EE13CD168 /* Pods_SimiMoviesUITests.framework in Frameworks */ = {isa = PBXBuildFile; fileRef = 98A7D06A8B13492B13088E1F /* Pods_SimiMoviesUITests.framework */; };
/* End PBXBuildFile section */

/* Begin PBXContainerItemProxy section */
		97EFFC1C1FF385EB00F67786 /* PBXContainerItemProxy */ = {
			isa = PBXContainerItemProxy;
			containerPortal = 97EFFBFF1FF385EA00F67786 /* Project object */;
			proxyType = 1;
			remoteGlobalIDString = 97EFFC061FF385EB00F67786;
			remoteInfo = SimiMovies;
		};
		97EFFC271FF385EB00F67786 /* PBXContainerItemProxy */ = {
			isa = PBXContainerItemProxy;
			containerPortal = 97EFFBFF1FF385EA00F67786 /* Project object */;
			proxyType = 1;
			remoteGlobalIDString = 97EFFC061FF385EB00F67786;
			remoteInfo = SimiMovies;
		};
/* End PBXContainerItemProxy section */

/* Begin PBXFileReference section */
		1D8CC259F555F8329256EFB3 /* Pods-SimiMovies.debug.xcconfig */ = {isa = PBXFileReference; includeInIndex = 1; lastKnownFileType = text.xcconfig; name = "Pods-SimiMovies.debug.xcconfig"; path = "Pods/Target Support Files/Pods-SimiMovies/Pods-SimiMovies.debug.xcconfig"; sourceTree = "<group>"; };
		259983BBE8FBF6260131414F /* Pods_SimiMoviesTests.framework */ = {isa = PBXFileReference; explicitFileType = wrapper.framework; includeInIndex = 0; path = Pods_SimiMoviesTests.framework; sourceTree = BUILT_PRODUCTS_DIR; };
		536B0CE4BEF71E1ACD304013 /* Pods-SimiMoviesUITests.debug.xcconfig */ = {isa = PBXFileReference; includeInIndex = 1; lastKnownFileType = text.xcconfig; name = "Pods-SimiMoviesUITests.debug.xcconfig"; path = "Pods/Target Support Files/Pods-SimiMoviesUITests/Pods-SimiMoviesUITests.debug.xcconfig"; sourceTree = "<group>"; };
		6450DE000EB33FF5B477F780 /* Pods-SimiMoviesUITests.release.xcconfig */ = {isa = PBXFileReference; includeInIndex = 1; lastKnownFileType = text.xcconfig; name = "Pods-SimiMoviesUITests.release.xcconfig"; path = "Pods/Target Support Files/Pods-SimiMoviesUITests/Pods-SimiMoviesUITests.release.xcconfig"; sourceTree = "<group>"; };
		7F14C8E9BA52ECAD21BC26C0 /* Pods-SimiMoviesTests.debug.xcconfig */ = {isa = PBXFileReference; includeInIndex = 1; lastKnownFileType = text.xcconfig; name = "Pods-SimiMoviesTests.debug.xcconfig"; path = "Pods/Target Support Files/Pods-SimiMoviesTests/Pods-SimiMoviesTests.debug.xcconfig"; sourceTree = "<group>"; };
		97EFFC071FF385EB00F67786 /* SimiMovies.app */ = {isa = PBXFileReference; explicitFileType = wrapper.application; includeInIndex = 0; path = SimiMovies.app; sourceTree = BUILT_PRODUCTS_DIR; };
		97EFFC0A1FF385EB00F67786 /* AppDelegate.swift */ = {isa = PBXFileReference; lastKnownFileType = sourcecode.swift; path = AppDelegate.swift; sourceTree = "<group>"; };
		97EFFC0C1FF385EB00F67786 /* MainViewController.swift */ = {isa = PBXFileReference; lastKnownFileType = sourcecode.swift; path = MainViewController.swift; sourceTree = "<group>"; };
		97EFFC0F1FF385EB00F67786 /* Base */ = {isa = PBXFileReference; lastKnownFileType = file.storyboard; name = Base; path = Base.lproj/Main.storyboard; sourceTree = "<group>"; };
		97EFFC111FF385EB00F67786 /* Assets.xcassets */ = {isa = PBXFileReference; lastKnownFileType = folder.assetcatalog; path = Assets.xcassets; sourceTree = "<group>"; };
		97EFFC141FF385EB00F67786 /* Base */ = {isa = PBXFileReference; lastKnownFileType = file.storyboard; name = Base; path = Base.lproj/LaunchScreen.storyboard; sourceTree = "<group>"; };
		97EFFC161FF385EB00F67786 /* Info.plist */ = {isa = PBXFileReference; lastKnownFileType = text.plist.xml; path = Info.plist; sourceTree = "<group>"; };
		97EFFC1B1FF385EB00F67786 /* SimiMoviesTests.xctest */ = {isa = PBXFileReference; explicitFileType = wrapper.cfbundle; includeInIndex = 0; path = SimiMoviesTests.xctest; sourceTree = BUILT_PRODUCTS_DIR; };
		97EFFC1F1FF385EB00F67786 /* SimiMoviesTests.swift */ = {isa = PBXFileReference; lastKnownFileType = sourcecode.swift; path = SimiMoviesTests.swift; sourceTree = "<group>"; };
		97EFFC211FF385EB00F67786 /* Info.plist */ = {isa = PBXFileReference; lastKnownFileType = text.plist.xml; path = Info.plist; sourceTree = "<group>"; };
		97EFFC261FF385EB00F67786 /* SimiMoviesUITests.xctest */ = {isa = PBXFileReference; explicitFileType = wrapper.cfbundle; includeInIndex = 0; path = SimiMoviesUITests.xctest; sourceTree = BUILT_PRODUCTS_DIR; };
		97EFFC2A1FF385EB00F67786 /* SimiMoviesUITests.swift */ = {isa = PBXFileReference; lastKnownFileType = sourcecode.swift; path = SimiMoviesUITests.swift; sourceTree = "<group>"; };
		97EFFC2C1FF385EB00F67786 /* Info.plist */ = {isa = PBXFileReference; lastKnownFileType = text.plist.xml; path = Info.plist; sourceTree = "<group>"; };
		98A7D06A8B13492B13088E1F /* Pods_SimiMoviesUITests.framework */ = {isa = PBXFileReference; explicitFileType = wrapper.framework; includeInIndex = 0; path = Pods_SimiMoviesUITests.framework; sourceTree = BUILT_PRODUCTS_DIR; };
		9E69A7DA0E03B8810536527E /* Pods-SimiMoviesTests.release.xcconfig */ = {isa = PBXFileReference; includeInIndex = 1; lastKnownFileType = text.xcconfig; name = "Pods-SimiMoviesTests.release.xcconfig"; path = "Pods/Target Support Files/Pods-SimiMoviesTests/Pods-SimiMoviesTests.release.xcconfig"; sourceTree = "<group>"; };
		C527A4CC23F6CF7D63EA1CF5 /* Pods-SimiMovies.release.xcconfig */ = {isa = PBXFileReference; includeInIndex = 1; lastKnownFileType = text.xcconfig; name = "Pods-SimiMovies.release.xcconfig"; path = "Pods/Target Support Files/Pods-SimiMovies/Pods-SimiMovies.release.xcconfig"; sourceTree = "<group>"; };
		C996A70BD000036A8C1D5D5E /* Pods_SimiMovies.framework */ = {isa = PBXFileReference; explicitFileType = wrapper.framework; includeInIndex = 0; path = Pods_SimiMovies.framework; sourceTree = BUILT_PRODUCTS_DIR; };
/* End PBXFileReference section */

/* Begin PBXFrameworksBuildPhase section */
		97EFFC041FF385EB00F67786 /* Frameworks */ = {
			isa = PBXFrameworksBuildPhase;
			buildActionMask = 2147483647;
			files = (
				708F67F501866D85ECD2B7E4 /* Pods_SimiMovies.framework in Frameworks */,
			);
			runOnlyForDeploymentPostprocessing = 0;
		};
		97EFFC181FF385EB00F67786 /* Frameworks */ = {
			isa = PBXFrameworksBuildPhase;
			buildActionMask = 2147483647;
			files = (
				033CE17F8BCC4BA8CC37B437 /* Pods_SimiMoviesTests.framework in Frameworks */,
			);
			runOnlyForDeploymentPostprocessing = 0;
		};
		97EFFC231FF385EB00F67786 /* Frameworks */ = {
			isa = PBXFrameworksBuildPhase;
			buildActionMask = 2147483647;
			files = (
				C25472CC25283E7EE13CD168 /* Pods_SimiMoviesUITests.framework in Frameworks */,
			);
			runOnlyForDeploymentPostprocessing = 0;
		};
/* End PBXFrameworksBuildPhase section */

/* Begin PBXGroup section */
		0094ED561EA424027CE22AE4 /* Pods */ = {
			isa = PBXGroup;
			children = (
				1D8CC259F555F8329256EFB3 /* Pods-SimiMovies.debug.xcconfig */,
				C527A4CC23F6CF7D63EA1CF5 /* Pods-SimiMovies.release.xcconfig */,
				7F14C8E9BA52ECAD21BC26C0 /* Pods-SimiMoviesTests.debug.xcconfig */,
				9E69A7DA0E03B8810536527E /* Pods-SimiMoviesTests.release.xcconfig */,
				536B0CE4BEF71E1ACD304013 /* Pods-SimiMoviesUITests.debug.xcconfig */,
				6450DE000EB33FF5B477F780 /* Pods-SimiMoviesUITests.release.xcconfig */,
			);
			name = Pods;
			sourceTree = "<group>";
		};
		97EFFBFE1FF385EA00F67786 = {
			isa = PBXGroup;
			children = (
				97EFFC091FF385EB00F67786 /* SimiMovies */,
				97EFFC1E1FF385EB00F67786 /* SimiMoviesTests */,
				97EFFC291FF385EB00F67786 /* SimiMoviesUITests */,
				97EFFC081FF385EB00F67786 /* Products */,
				0094ED561EA424027CE22AE4 /* Pods */,
				AFA75E5E6E640A4848EA3A19 /* Frameworks */,
			);
			sourceTree = "<group>";
		};
		97EFFC081FF385EB00F67786 /* Products */ = {
			isa = PBXGroup;
			children = (
				97EFFC071FF385EB00F67786 /* SimiMovies.app */,
				97EFFC1B1FF385EB00F67786 /* SimiMoviesTests.xctest */,
				97EFFC261FF385EB00F67786 /* SimiMoviesUITests.xctest */,
			);
			name = Products;
			sourceTree = "<group>";
		};
		97EFFC091FF385EB00F67786 /* SimiMovies */ = {
			isa = PBXGroup;
			children = (
				97EFFC3C1FF39A3200F67786 /* Controller */,
				97EFFC3B1FF39A2E00F67786 /* View */,
				97EFFC3A1FF39A2600F67786 /* Model */,
				97EFFC111FF385EB00F67786 /* Assets.xcassets */,
				97EFFC161FF385EB00F67786 /* Info.plist */,
			);
			path = SimiMovies;
			sourceTree = "<group>";
		};
		97EFFC1E1FF385EB00F67786 /* SimiMoviesTests */ = {
			isa = PBXGroup;
			children = (
				97EFFC1F1FF385EB00F67786 /* SimiMoviesTests.swift */,
				97EFFC211FF385EB00F67786 /* Info.plist */,
			);
			path = SimiMoviesTests;
			sourceTree = "<group>";
		};
		97EFFC291FF385EB00F67786 /* SimiMoviesUITests */ = {
			isa = PBXGroup;
			children = (
				97EFFC2A1FF385EB00F67786 /* SimiMoviesUITests.swift */,
				97EFFC2C1FF385EB00F67786 /* Info.plist */,
			);
			path = SimiMoviesUITests;
			sourceTree = "<group>";
		};
		97EFFC3A1FF39A2600F67786 /* Model */ = {
			isa = PBXGroup;
			children = (
			);
			path = Model;
			sourceTree = "<group>";
		};
		97EFFC3B1FF39A2E00F67786 /* View */ = {
			isa = PBXGroup;
			children = (
				97EFFC0E1FF385EB00F67786 /* Main.storyboard */,
				97EFFC131FF385EB00F67786 /* LaunchScreen.storyboard */,
			);
			path = View;
			sourceTree = "<group>";
		};
		97EFFC3C1FF39A3200F67786 /* Controller */ = {
			isa = PBXGroup;
			children = (
				97EFFC0A1FF385EB00F67786 /* AppDelegate.swift */,
				97EFFC0C1FF385EB00F67786 /* MainViewController.swift */,
			);
			path = Controller;
			sourceTree = "<group>";
		};
		AFA75E5E6E640A4848EA3A19 /* Frameworks */ = {
			isa = PBXGroup;
			children = (
				C996A70BD000036A8C1D5D5E /* Pods_SimiMovies.framework */,
				259983BBE8FBF6260131414F /* Pods_SimiMoviesTests.framework */,
				98A7D06A8B13492B13088E1F /* Pods_SimiMoviesUITests.framework */,
			);
			name = Frameworks;
			sourceTree = "<group>";
		};
/* End PBXGroup section */

/* Begin PBXNativeTarget section */
		97EFFC061FF385EB00F67786 /* SimiMovies */ = {
			isa = PBXNativeTarget;
			buildConfigurationList = 97EFFC2F1FF385EB00F67786 /* Build configuration list for PBXNativeTarget "SimiMovies" */;
			buildPhases = (
				70D44DD9792AD3D84FDC9CEA /* [CP] Check Pods Manifest.lock */,
				97EFFC031FF385EB00F67786 /* Sources */,
				97EFFC041FF385EB00F67786 /* Frameworks */,
				97EFFC051FF385EB00F67786 /* Resources */,
				2B74AFCA708A75AB9CE0BC9E /* [CP] Embed Pods Frameworks */,
				A82F1351E035A5870E47AA16 /* [CP] Copy Pods Resources */,
			);
			buildRules = (
			);
			dependencies = (
			);
			name = SimiMovies;
			productName = SimiMovies;
			productReference = 97EFFC071FF385EB00F67786 /* SimiMovies.app */;
			productType = "com.apple.product-type.application";
		};
		97EFFC1A1FF385EB00F67786 /* SimiMoviesTests */ = {
			isa = PBXNativeTarget;
			buildConfigurationList = 97EFFC321FF385EB00F67786 /* Build configuration list for PBXNativeTarget "SimiMoviesTests" */;
			buildPhases = (
				4D460EB8B2F507779573BAFA /* [CP] Check Pods Manifest.lock */,
				97EFFC171FF385EB00F67786 /* Sources */,
				97EFFC181FF385EB00F67786 /* Frameworks */,
				97EFFC191FF385EB00F67786 /* Resources */,
				0D4037BAFBACC3F2AE5276D4 /* [CP] Embed Pods Frameworks */,
				AA5E0F1F347533A20C69AE28 /* [CP] Copy Pods Resources */,
			);
			buildRules = (
			);
			dependencies = (
				97EFFC1D1FF385EB00F67786 /* PBXTargetDependency */,
			);
			name = SimiMoviesTests;
			productName = SimiMoviesTests;
			productReference = 97EFFC1B1FF385EB00F67786 /* SimiMoviesTests.xctest */;
			productType = "com.apple.product-type.bundle.unit-test";
		};
		97EFFC251FF385EB00F67786 /* SimiMoviesUITests */ = {
			isa = PBXNativeTarget;
			buildConfigurationList = 97EFFC351FF385EB00F67786 /* Build configuration list for PBXNativeTarget "SimiMoviesUITests" */;
			buildPhases = (
				0D86A81F09DD16FDBF027B87 /* [CP] Check Pods Manifest.lock */,
				97EFFC221FF385EB00F67786 /* Sources */,
				97EFFC231FF385EB00F67786 /* Frameworks */,
				97EFFC241FF385EB00F67786 /* Resources */,
				EA71957667E3752DF439D533 /* [CP] Embed Pods Frameworks */,
				EE6C06D59E3A4CE10FCE6D09 /* [CP] Copy Pods Resources */,
			);
			buildRules = (
			);
			dependencies = (
				97EFFC281FF385EB00F67786 /* PBXTargetDependency */,
			);
			name = SimiMoviesUITests;
			productName = SimiMoviesUITests;
			productReference = 97EFFC261FF385EB00F67786 /* SimiMoviesUITests.xctest */;
			productType = "com.apple.product-type.bundle.ui-testing";
		};
/* End PBXNativeTarget section */

/* Begin PBXProject section */
		97EFFBFF1FF385EA00F67786 /* Project object */ = {
			isa = PBXProject;
			attributes = {
				LastSwiftUpdateCheck = 0920;
				LastUpgradeCheck = 0920;
				ORGANIZATIONNAME = "Karrui Lau";
				TargetAttributes = {
					97EFFC061FF385EB00F67786 = {
						CreatedOnToolsVersion = 9.2;
						ProvisioningStyle = Automatic;
					};
					97EFFC1A1FF385EB00F67786 = {
						CreatedOnToolsVersion = 9.2;
						ProvisioningStyle = Automatic;
						TestTargetID = 97EFFC061FF385EB00F67786;
					};
					97EFFC251FF385EB00F67786 = {
						CreatedOnToolsVersion = 9.2;
						ProvisioningStyle = Automatic;
						TestTargetID = 97EFFC061FF385EB00F67786;
					};
				};
			};
			buildConfigurationList = 97EFFC021FF385EA00F67786 /* Build configuration list for PBXProject "SimiMovies" */;
			compatibilityVersion = "Xcode 8.0";
			developmentRegion = en;
			hasScannedForEncodings = 0;
			knownRegions = (
				en,
				Base,
			);
			mainGroup = 97EFFBFE1FF385EA00F67786;
			productRefGroup = 97EFFC081FF385EB00F67786 /* Products */;
			projectDirPath = "";
			projectRoot = "";
			targets = (
				97EFFC061FF385EB00F67786 /* SimiMovies */,
				97EFFC1A1FF385EB00F67786 /* SimiMoviesTests */,
				97EFFC251FF385EB00F67786 /* SimiMoviesUITests */,
			);
		};
/* End PBXProject section */

/* Begin PBXResourcesBuildPhase section */
		97EFFC051FF385EB00F67786 /* Resources */ = {
			isa = PBXResourcesBuildPhase;
			buildActionMask = 2147483647;
			files = (
				97EFFC151FF385EB00F67786 /* LaunchScreen.storyboard in Resources */,
				97EFFC121FF385EB00F67786 /* Assets.xcassets in Resources */,
				97EFFC101FF385EB00F67786 /* Main.storyboard in Resources */,
			);
			runOnlyForDeploymentPostprocessing = 0;
		};
		97EFFC191FF385EB00F67786 /* Resources */ = {
			isa = PBXResourcesBuildPhase;
			buildActionMask = 2147483647;
			files = (
			);
			runOnlyForDeploymentPostprocessing = 0;
		};
		97EFFC241FF385EB00F67786 /* Resources */ = {
			isa = PBXResourcesBuildPhase;
			buildActionMask = 2147483647;
			files = (
			);
			runOnlyForDeploymentPostprocessing = 0;
		};
/* End PBXResourcesBuildPhase section */

/* Begin PBXShellScriptBuildPhase section */
		0D4037BAFBACC3F2AE5276D4 /* [CP] Embed Pods Frameworks */ = {
			isa = PBXShellScriptBuildPhase;
			buildActionMask = 2147483647;
			files = (
			);
			inputPaths = (
			);
			name = "[CP] Embed Pods Frameworks";
			outputPaths = (
			);
			runOnlyForDeploymentPostprocessing = 0;
			shellPath = /bin/sh;
			shellScript = "\"${SRCROOT}/Pods/Target Support Files/Pods-SimiMoviesTests/Pods-SimiMoviesTests-frameworks.sh\"\n";
			showEnvVarsInLog = 0;
		};
		0D86A81F09DD16FDBF027B87 /* [CP] Check Pods Manifest.lock */ = {
			isa = PBXShellScriptBuildPhase;
			buildActionMask = 2147483647;
			files = (
			);
			inputPaths = (
				"${PODS_PODFILE_DIR_PATH}/Podfile.lock",
				"${PODS_ROOT}/Manifest.lock",
			);
			name = "[CP] Check Pods Manifest.lock";
			outputPaths = (
				"$(DERIVED_FILE_DIR)/Pods-SimiMoviesUITests-checkManifestLockResult.txt",
			);
			runOnlyForDeploymentPostprocessing = 0;
			shellPath = /bin/sh;
			shellScript = "diff \"${PODS_PODFILE_DIR_PATH}/Podfile.lock\" \"${PODS_ROOT}/Manifest.lock\" > /dev/null\nif [ $? != 0 ] ; then\n    # print error to STDERR\n    echo \"error: The sandbox is not in sync with the Podfile.lock. Run 'pod install' or update your CocoaPods installation.\" >&2\n    exit 1\nfi\n# This output is used by Xcode 'outputs' to avoid re-running this script phase.\necho \"SUCCESS\" > \"${SCRIPT_OUTPUT_FILE_0}\"\n";
			showEnvVarsInLog = 0;
		};
		2B74AFCA708A75AB9CE0BC9E /* [CP] Embed Pods Frameworks */ = {
			isa = PBXShellScriptBuildPhase;
			buildActionMask = 2147483647;
			files = (
			);
			inputPaths = (
				"${SRCROOT}/Pods/Target Support Files/Pods-SimiMovies/Pods-SimiMovies-frameworks.sh",
				"${BUILT_PRODUCTS_DIR}/McPicker/McPicker.framework",
			);
			name = "[CP] Embed Pods Frameworks";
			outputPaths = (
				"${TARGET_BUILD_DIR}/${FRAMEWORKS_FOLDER_PATH}/McPicker.framework",
			);
			runOnlyForDeploymentPostprocessing = 0;
			shellPath = /bin/sh;
			shellScript = "\"${SRCROOT}/Pods/Target Support Files/Pods-SimiMovies/Pods-SimiMovies-frameworks.sh\"\n";
			showEnvVarsInLog = 0;
		};
		4D460EB8B2F507779573BAFA /* [CP] Check Pods Manifest.lock */ = {
			isa = PBXShellScriptBuildPhase;
			buildActionMask = 2147483647;
			files = (
			);
			inputPaths = (
				"${PODS_PODFILE_DIR_PATH}/Podfile.lock",
				"${PODS_ROOT}/Manifest.lock",
			);
			name = "[CP] Check Pods Manifest.lock";
			outputPaths = (
				"$(DERIVED_FILE_DIR)/Pods-SimiMoviesTests-checkManifestLockResult.txt",
			);
			runOnlyForDeploymentPostprocessing = 0;
			shellPath = /bin/sh;
			shellScript = "diff \"${PODS_PODFILE_DIR_PATH}/Podfile.lock\" \"${PODS_ROOT}/Manifest.lock\" > /dev/null\nif [ $? != 0 ] ; then\n    # print error to STDERR\n    echo \"error: The sandbox is not in sync with the Podfile.lock. Run 'pod install' or update your CocoaPods installation.\" >&2\n    exit 1\nfi\n# This output is used by Xcode 'outputs' to avoid re-running this script phase.\necho \"SUCCESS\" > \"${SCRIPT_OUTPUT_FILE_0}\"\n";
			showEnvVarsInLog = 0;
		};
		70D44DD9792AD3D84FDC9CEA /* [CP] Check Pods Manifest.lock */ = {
			isa = PBXShellScriptBuildPhase;
			buildActionMask = 2147483647;
			files = (
			);
			inputPaths = (
				"${PODS_PODFILE_DIR_PATH}/Podfile.lock",
				"${PODS_ROOT}/Manifest.lock",
			);
			name = "[CP] Check Pods Manifest.lock";
			outputPaths = (
				"$(DERIVED_FILE_DIR)/Pods-SimiMovies-checkManifestLockResult.txt",
			);
			runOnlyForDeploymentPostprocessing = 0;
			shellPath = /bin/sh;
			shellScript = "diff \"${PODS_PODFILE_DIR_PATH}/Podfile.lock\" \"${PODS_ROOT}/Manifest.lock\" > /dev/null\nif [ $? != 0 ] ; then\n    # print error to STDERR\n    echo \"error: The sandbox is not in sync with the Podfile.lock. Run 'pod install' or update your CocoaPods installation.\" >&2\n    exit 1\nfi\n# This output is used by Xcode 'outputs' to avoid re-running this script phase.\necho \"SUCCESS\" > \"${SCRIPT_OUTPUT_FILE_0}\"\n";
			showEnvVarsInLog = 0;
		};
		A82F1351E035A5870E47AA16 /* [CP] Copy Pods Resources */ = {
			isa = PBXShellScriptBuildPhase;
			buildActionMask = 2147483647;
			files = (
			);
			inputPaths = (
			);
			name = "[CP] Copy Pods Resources";
			outputPaths = (
			);
			runOnlyForDeploymentPostprocessing = 0;
			shellPath = /bin/sh;
			shellScript = "\"${SRCROOT}/Pods/Target Support Files/Pods-SimiMovies/Pods-SimiMovies-resources.sh\"\n";
			showEnvVarsInLog = 0;
		};
		AA5E0F1F347533A20C69AE28 /* [CP] Copy Pods Resources */ = {
			isa = PBXShellScriptBuildPhase;
			buildActionMask = 2147483647;
			files = (
			);
			inputPaths = (
			);
			name = "[CP] Copy Pods Resources";
			outputPaths = (
			);
			runOnlyForDeploymentPostprocessing = 0;
			shellPath = /bin/sh;
			shellScript = "\"${SRCROOT}/Pods/Target Support Files/Pods-SimiMoviesTests/Pods-SimiMoviesTests-resources.sh\"\n";
			showEnvVarsInLog = 0;
		};
		EA71957667E3752DF439D533 /* [CP] Embed Pods Frameworks */ = {
			isa = PBXShellScriptBuildPhase;
			buildActionMask = 2147483647;
			files = (
			);
			inputPaths = (
			);
			name = "[CP] Embed Pods Frameworks";
			outputPaths = (
			);
			runOnlyForDeploymentPostprocessing = 0;
			shellPath = /bin/sh;
			shellScript = "\"${SRCROOT}/Pods/Target Support Files/Pods-SimiMoviesUITests/Pods-SimiMoviesUITests-frameworks.sh\"\n";
			showEnvVarsInLog = 0;
		};
		EE6C06D59E3A4CE10FCE6D09 /* [CP] Copy Pods Resources */ = {
			isa = PBXShellScriptBuildPhase;
			buildActionMask = 2147483647;
			files = (
			);
			inputPaths = (
			);
			name = "[CP] Copy Pods Resources";
			outputPaths = (
			);
			runOnlyForDeploymentPostprocessing = 0;
			shellPath = /bin/sh;
			shellScript = "\"${SRCROOT}/Pods/Target Support Files/Pods-SimiMoviesUITests/Pods-SimiMoviesUITests-resources.sh\"\n";
			showEnvVarsInLog = 0;
		};
/* End PBXShellScriptBuildPhase section */

/* Begin PBXSourcesBuildPhase section */
		97EFFC031FF385EB00F67786 /* Sources */ = {
			isa = PBXSourcesBuildPhase;
			buildActionMask = 2147483647;
			files = (
				97EFFC0D1FF385EB00F67786 /* MainViewController.swift in Sources */,
				97EFFC0B1FF385EB00F67786 /* AppDelegate.swift in Sources */,
			);
			runOnlyForDeploymentPostprocessing = 0;
		};
		97EFFC171FF385EB00F67786 /* Sources */ = {
			isa = PBXSourcesBuildPhase;
			buildActionMask = 2147483647;
			files = (
				97EFFC201FF385EB00F67786 /* SimiMoviesTests.swift in Sources */,
			);
			runOnlyForDeploymentPostprocessing = 0;
		};
		97EFFC221FF385EB00F67786 /* Sources */ = {
			isa = PBXSourcesBuildPhase;
			buildActionMask = 2147483647;
			files = (
				97EFFC2B1FF385EB00F67786 /* SimiMoviesUITests.swift in Sources */,
			);
			runOnlyForDeploymentPostprocessing = 0;
		};
/* End PBXSourcesBuildPhase section */

/* Begin PBXTargetDependency section */
		97EFFC1D1FF385EB00F67786 /* PBXTargetDependency */ = {
			isa = PBXTargetDependency;
			target = 97EFFC061FF385EB00F67786 /* SimiMovies */;
			targetProxy = 97EFFC1C1FF385EB00F67786 /* PBXContainerItemProxy */;
		};
		97EFFC281FF385EB00F67786 /* PBXTargetDependency */ = {
			isa = PBXTargetDependency;
			target = 97EFFC061FF385EB00F67786 /* SimiMovies */;
			targetProxy = 97EFFC271FF385EB00F67786 /* PBXContainerItemProxy */;
		};
/* End PBXTargetDependency section */

/* Begin PBXVariantGroup section */
		97EFFC0E1FF385EB00F67786 /* Main.storyboard */ = {
			isa = PBXVariantGroup;
			children = (
				97EFFC0F1FF385EB00F67786 /* Base */,
			);
			name = Main.storyboard;
			sourceTree = "<group>";
		};
		97EFFC131FF385EB00F67786 /* LaunchScreen.storyboard */ = {
			isa = PBXVariantGroup;
			children = (
				97EFFC141FF385EB00F67786 /* Base */,
			);
			name = LaunchScreen.storyboard;
			sourceTree = "<group>";
		};
/* End PBXVariantGroup section */

/* Begin XCBuildConfiguration section */
		97EFFC2D1FF385EB00F67786 /* Debug */ = {
			isa = XCBuildConfiguration;
			buildSettings = {
				ALWAYS_SEARCH_USER_PATHS = NO;
				CLANG_ANALYZER_NONNULL = YES;
				CLANG_ANALYZER_NUMBER_OBJECT_CONVERSION = YES_AGGRESSIVE;
				CLANG_CXX_LANGUAGE_STANDARD = "gnu++14";
				CLANG_CXX_LIBRARY = "libc++";
				CLANG_ENABLE_MODULES = YES;
				CLANG_ENABLE_OBJC_ARC = YES;
				CLANG_WARN_BLOCK_CAPTURE_AUTORELEASING = YES;
				CLANG_WARN_BOOL_CONVERSION = YES;
				CLANG_WARN_COMMA = YES;
				CLANG_WARN_CONSTANT_CONVERSION = YES;
				CLANG_WARN_DIRECT_OBJC_ISA_USAGE = YES_ERROR;
				CLANG_WARN_DOCUMENTATION_COMMENTS = YES;
				CLANG_WARN_EMPTY_BODY = YES;
				CLANG_WARN_ENUM_CONVERSION = YES;
				CLANG_WARN_INFINITE_RECURSION = YES;
				CLANG_WARN_INT_CONVERSION = YES;
				CLANG_WARN_NON_LITERAL_NULL_CONVERSION = YES;
				CLANG_WARN_OBJC_LITERAL_CONVERSION = YES;
				CLANG_WARN_OBJC_ROOT_CLASS = YES_ERROR;
				CLANG_WARN_RANGE_LOOP_ANALYSIS = YES;
				CLANG_WARN_STRICT_PROTOTYPES = YES;
				CLANG_WARN_SUSPICIOUS_MOVE = YES;
				CLANG_WARN_UNGUARDED_AVAILABILITY = YES_AGGRESSIVE;
				CLANG_WARN_UNREACHABLE_CODE = YES;
				CLANG_WARN__DUPLICATE_METHOD_MATCH = YES;
				CODE_SIGN_IDENTITY = "iPhone Developer";
				COPY_PHASE_STRIP = NO;
				DEBUG_INFORMATION_FORMAT = dwarf;
				ENABLE_STRICT_OBJC_MSGSEND = YES;
				ENABLE_TESTABILITY = YES;
				GCC_C_LANGUAGE_STANDARD = gnu11;
				GCC_DYNAMIC_NO_PIC = NO;
				GCC_NO_COMMON_BLOCKS = YES;
				GCC_OPTIMIZATION_LEVEL = 0;
				GCC_PREPROCESSOR_DEFINITIONS = (
					"DEBUG=1",
					"$(inherited)",
				);
				GCC_WARN_64_TO_32_BIT_CONVERSION = YES;
				GCC_WARN_ABOUT_RETURN_TYPE = YES_ERROR;
				GCC_WARN_UNDECLARED_SELECTOR = YES;
				GCC_WARN_UNINITIALIZED_AUTOS = YES_AGGRESSIVE;
				GCC_WARN_UNUSED_FUNCTION = YES;
				GCC_WARN_UNUSED_VARIABLE = YES;
				IPHONEOS_DEPLOYMENT_TARGET = 11.2;
				MTL_ENABLE_DEBUG_INFO = YES;
				ONLY_ACTIVE_ARCH = YES;
				SDKROOT = iphoneos;
				SWIFT_ACTIVE_COMPILATION_CONDITIONS = DEBUG;
				SWIFT_OPTIMIZATION_LEVEL = "-Onone";
			};
			name = Debug;
		};
		97EFFC2E1FF385EB00F67786 /* Release */ = {
			isa = XCBuildConfiguration;
			buildSettings = {
				ALWAYS_SEARCH_USER_PATHS = NO;
				CLANG_ANALYZER_NONNULL = YES;
				CLANG_ANALYZER_NUMBER_OBJECT_CONVERSION = YES_AGGRESSIVE;
				CLANG_CXX_LANGUAGE_STANDARD = "gnu++14";
				CLANG_CXX_LIBRARY = "libc++";
				CLANG_ENABLE_MODULES = YES;
				CLANG_ENABLE_OBJC_ARC = YES;
				CLANG_WARN_BLOCK_CAPTURE_AUTORELEASING = YES;
				CLANG_WARN_BOOL_CONVERSION = YES;
				CLANG_WARN_COMMA = YES;
				CLANG_WARN_CONSTANT_CONVERSION = YES;
				CLANG_WARN_DIRECT_OBJC_ISA_USAGE = YES_ERROR;
				CLANG_WARN_DOCUMENTATION_COMMENTS = YES;
				CLANG_WARN_EMPTY_BODY = YES;
				CLANG_WARN_ENUM_CONVERSION = YES;
				CLANG_WARN_INFINITE_RECURSION = YES;
				CLANG_WARN_INT_CONVERSION = YES;
				CLANG_WARN_NON_LITERAL_NULL_CONVERSION = YES;
				CLANG_WARN_OBJC_LITERAL_CONVERSION = YES;
				CLANG_WARN_OBJC_ROOT_CLASS = YES_ERROR;
				CLANG_WARN_RANGE_LOOP_ANALYSIS = YES;
				CLANG_WARN_STRICT_PROTOTYPES = YES;
				CLANG_WARN_SUSPICIOUS_MOVE = YES;
				CLANG_WARN_UNGUARDED_AVAILABILITY = YES_AGGRESSIVE;
				CLANG_WARN_UNREACHABLE_CODE = YES;
				CLANG_WARN__DUPLICATE_METHOD_MATCH = YES;
				CODE_SIGN_IDENTITY = "iPhone Developer";
				COPY_PHASE_STRIP = NO;
				DEBUG_INFORMATION_FORMAT = "dwarf-with-dsym";
				ENABLE_NS_ASSERTIONS = NO;
				ENABLE_STRICT_OBJC_MSGSEND = YES;
				GCC_C_LANGUAGE_STANDARD = gnu11;
				GCC_NO_COMMON_BLOCKS = YES;
				GCC_WARN_64_TO_32_BIT_CONVERSION = YES;
				GCC_WARN_ABOUT_RETURN_TYPE = YES_ERROR;
				GCC_WARN_UNDECLARED_SELECTOR = YES;
				GCC_WARN_UNINITIALIZED_AUTOS = YES_AGGRESSIVE;
				GCC_WARN_UNUSED_FUNCTION = YES;
				GCC_WARN_UNUSED_VARIABLE = YES;
				IPHONEOS_DEPLOYMENT_TARGET = 11.2;
				MTL_ENABLE_DEBUG_INFO = NO;
				SDKROOT = iphoneos;
				SWIFT_OPTIMIZATION_LEVEL = "-Owholemodule";
				VALIDATE_PRODUCT = YES;
			};
			name = Release;
		};
		97EFFC301FF385EB00F67786 /* Debug */ = {
			isa = XCBuildConfiguration;
			baseConfigurationReference = 1D8CC259F555F8329256EFB3 /* Pods-SimiMovies.debug.xcconfig */;
			buildSettings = {
				ASSETCATALOG_COMPILER_APPICON_NAME = AppIcon;
				CODE_SIGN_STYLE = Automatic;
				DEVELOPMENT_TEAM = FH2EF8NL6A;
				INFOPLIST_FILE = SimiMovies/Info.plist;
				IPHONEOS_DEPLOYMENT_TARGET = 11.0;
				LD_RUNPATH_SEARCH_PATHS = "$(inherited) @executable_path/Frameworks";
				PRODUCT_BUNDLE_IDENTIFIER = com.karrui.SimiMovies;
				PRODUCT_NAME = "$(TARGET_NAME)";
				SWIFT_VERSION = 4.0;
				TARGETED_DEVICE_FAMILY = 1;
			};
			name = Debug;
		};
		97EFFC311FF385EB00F67786 /* Release */ = {
			isa = XCBuildConfiguration;
			baseConfigurationReference = C527A4CC23F6CF7D63EA1CF5 /* Pods-SimiMovies.release.xcconfig */;
			buildSettings = {
				ASSETCATALOG_COMPILER_APPICON_NAME = AppIcon;
				CODE_SIGN_STYLE = Automatic;
				DEVELOPMENT_TEAM = FH2EF8NL6A;
				INFOPLIST_FILE = SimiMovies/Info.plist;
				IPHONEOS_DEPLOYMENT_TARGET = 11.0;
				LD_RUNPATH_SEARCH_PATHS = "$(inherited) @executable_path/Frameworks";
				PRODUCT_BUNDLE_IDENTIFIER = com.karrui.SimiMovies;
				PRODUCT_NAME = "$(TARGET_NAME)";
				SWIFT_VERSION = 4.0;
				TARGETED_DEVICE_FAMILY = 1;
			};
			name = Release;
		};
		97EFFC331FF385EB00F67786 /* Debug */ = {
			isa = XCBuildConfiguration;
			baseConfigurationReference = 7F14C8E9BA52ECAD21BC26C0 /* Pods-SimiMoviesTests.debug.xcconfig */;
			buildSettings = {
				ALWAYS_EMBED_SWIFT_STANDARD_LIBRARIES = YES;
				BUNDLE_LOADER = "$(TEST_HOST)";
				CODE_SIGN_STYLE = Automatic;
				DEVELOPMENT_TEAM = FH2EF8NL6A;
				INFOPLIST_FILE = SimiMoviesTests/Info.plist;
				LD_RUNPATH_SEARCH_PATHS = "$(inherited) @executable_path/Frameworks @loader_path/Frameworks";
				PRODUCT_BUNDLE_IDENTIFIER = com.karrui.SimiMoviesTests;
				PRODUCT_NAME = "$(TARGET_NAME)";
				SWIFT_VERSION = 4.0;
				TARGETED_DEVICE_FAMILY = "1,2";
				TEST_HOST = "$(BUILT_PRODUCTS_DIR)/SimiMovies.app/SimiMovies";
			};
			name = Debug;
		};
		97EFFC341FF385EB00F67786 /* Release */ = {
			isa = XCBuildConfiguration;
			baseConfigurationReference = 9E69A7DA0E03B8810536527E /* Pods-SimiMoviesTests.release.xcconfig */;
			buildSettings = {
				ALWAYS_EMBED_SWIFT_STANDARD_LIBRARIES = YES;
				BUNDLE_LOADER = "$(TEST_HOST)";
				CODE_SIGN_STYLE = Automatic;
				DEVELOPMENT_TEAM = FH2EF8NL6A;
				INFOPLIST_FILE = SimiMoviesTests/Info.plist;
				LD_RUNPATH_SEARCH_PATHS = "$(inherited) @executable_path/Frameworks @loader_path/Frameworks";
				PRODUCT_BUNDLE_IDENTIFIER = com.karrui.SimiMoviesTests;
				PRODUCT_NAME = "$(TARGET_NAME)";
				SWIFT_VERSION = 4.0;
				TARGETED_DEVICE_FAMILY = "1,2";
				TEST_HOST = "$(BUILT_PRODUCTS_DIR)/SimiMovies.app/SimiMovies";
			};
			name = Release;
		};
		97EFFC361FF385EB00F67786 /* Debug */ = {
			isa = XCBuildConfiguration;
			baseConfigurationReference = 536B0CE4BEF71E1ACD304013 /* Pods-SimiMoviesUITests.debug.xcconfig */;
			buildSettings = {
				ALWAYS_EMBED_SWIFT_STANDARD_LIBRARIES = YES;
				CODE_SIGN_STYLE = Automatic;
				DEVELOPMENT_TEAM = FH2EF8NL6A;
				INFOPLIST_FILE = SimiMoviesUITests/Info.plist;
				LD_RUNPATH_SEARCH_PATHS = "$(inherited) @executable_path/Frameworks @loader_path/Frameworks";
				PRODUCT_BUNDLE_IDENTIFIER = com.karrui.SimiMoviesUITests;
				PRODUCT_NAME = "$(TARGET_NAME)";
				SWIFT_VERSION = 4.0;
				TARGETED_DEVICE_FAMILY = "1,2";
				TEST_TARGET_NAME = SimiMovies;
			};
			name = Debug;
		};
		97EFFC371FF385EB00F67786 /* Release */ = {
			isa = XCBuildConfiguration;
			baseConfigurationReference = 6450DE000EB33FF5B477F780 /* Pods-SimiMoviesUITests.release.xcconfig */;
			buildSettings = {
				ALWAYS_EMBED_SWIFT_STANDARD_LIBRARIES = YES;
				CODE_SIGN_STYLE = Automatic;
				DEVELOPMENT_TEAM = FH2EF8NL6A;
				INFOPLIST_FILE = SimiMoviesUITests/Info.plist;
				LD_RUNPATH_SEARCH_PATHS = "$(inherited) @executable_path/Frameworks @loader_path/Frameworks";
				PRODUCT_BUNDLE_IDENTIFIER = com.karrui.SimiMoviesUITests;
				PRODUCT_NAME = "$(TARGET_NAME)";
				SWIFT_VERSION = 4.0;
				TARGETED_DEVICE_FAMILY = "1,2";
				TEST_TARGET_NAME = SimiMovies;
			};
			name = Release;
		};
/* End XCBuildConfiguration section */

/* Begin XCConfigurationList section */
		97EFFC021FF385EA00F67786 /* Build configuration list for PBXProject "SimiMovies" */ = {
			isa = XCConfigurationList;
			buildConfigurations = (
				97EFFC2D1FF385EB00F67786 /* Debug */,
				97EFFC2E1FF385EB00F67786 /* Release */,
			);
			defaultConfigurationIsVisible = 0;
			defaultConfigurationName = Release;
		};
		97EFFC2F1FF385EB00F67786 /* Build configuration list for PBXNativeTarget "SimiMovies" */ = {
			isa = XCConfigurationList;
			buildConfigurations = (
				97EFFC301FF385EB00F67786 /* Debug */,
				97EFFC311FF385EB00F67786 /* Release */,
			);
			defaultConfigurationIsVisible = 0;
			defaultConfigurationName = Release;
		};
		97EFFC321FF385EB00F67786 /* Build configuration list for PBXNativeTarget "SimiMoviesTests" */ = {
			isa = XCConfigurationList;
			buildConfigurations = (
				97EFFC331FF385EB00F67786 /* Debug */,
				97EFFC341FF385EB00F67786 /* Release */,
			);
			defaultConfigurationIsVisible = 0;
			defaultConfigurationName = Release;
		};
		97EFFC351FF385EB00F67786 /* Build configuration list for PBXNativeTarget "SimiMoviesUITests" */ = {
			isa = XCConfigurationList;
			buildConfigurations = (
				97EFFC361FF385EB00F67786 /* Debug */,
				97EFFC371FF385EB00F67786 /* Release */,
			);
			defaultConfigurationIsVisible = 0;
			defaultConfigurationName = Release;
		};
/* End XCConfigurationList section */
	};
	rootObject = 97EFFBFF1FF385EA00F67786 /* Project object */;
}
